
Microsoft Visual Studio Solution File, Format Version 12.00
# Visual Studio Version 17
VisualStudioVersion = 17.14.36518.9 d17.14
MinimumVisualStudioVersion = 10.0.40219.1
Project("{FAE04EC0-301F-11D3-BF4B-00C04F79EFBC}") = "memory-leak-demo", "memory-leak-demo\memory-leak-demo.csproj", "{57C670B0-0B39-4951-917A-0C60B657E671}"
EndProject
Global
	GlobalSection(SolutionConfigurationPlatforms) = preSolution
		Debug|Any CPU = Debug|Any CPU
		Release|Any CPU = Release|Any CPU
	EndGlobalSection
	GlobalSection(ProjectConfigurationPlatforms) = postSolution
		{57C670B0-0B39-4951-917A-0C60B657E671}.Debug|Any CPU.ActiveCfg = Debug|Any CPU
		{57C670B0-0B39-4951-917A-0C60B657E671}.Debug|Any CPU.Build.0 = Debug|Any CPU
		{57C670B0-0B39-4951-917A-0C60B657E671}.Release|Any CPU.ActiveCfg = Release|Any CPU
		{57C670B0-0B39-4951-917A-0C60B657E671}.Release|Any CPU.Build.0 = Release|Any CPU
	EndGlobalSection
	GlobalSection(SolutionProperties) = preSolution
		HideSolutionNode = FALSE
	EndGlobalSection
	GlobalSection(ExtensibilityGlobals) = postSolution
		SolutionGuid = {DF8F8A1B-7007-489C-B9F7-BE5B4188E0F0}
	EndGlobalSection
EndGlobal
